
Microsoft Visual Studio Solution File, Format Version 12.00
# Visual Studio Version 17
VisualStudioVersion = 17.10.35013.160
MinimumVisualStudioVersion = 10.0.40219.1
Project("{9A19103F-16F7-4668-BE54-9A1E7A4F7556}") = "Exceptions", "Exceptions\Exceptions.csproj", "{8A60A12F-3D67-4E58-9100-9BDF565BE44B}"
EndProject
Project("{9A19103F-16F7-4668-BE54-9A1E7A4F7556}") = "AccessModifiers", "AccessModifiers\AccessModifiers.csproj", "{8C2169AB-3D67-4551-86C8-3D144DD0495D}"
EndProject
Project("{9A19103F-16F7-4668-BE54-9A1E7A4F7556}") = "TestClassLibrary", "TestClassLibrary\TestClassLibrary.csproj", "{1F79C202-8F42-41A3-AA81-6DF19371AEAE}"
EndProject
Project("{9A19103F-16F7-4668-BE54-9A1E7A4F7556}") = "AboutEnums", "AboutEnums\AboutEnums.csproj", "{FC7719DF-EF9C-4F09-8DDB-86994C0CBB5C}"
EndProject
Project("{9A19103F-16F7-4668-BE54-9A1E7A4F7556}") = "Structs", "Structs\Structs.csproj", "{1F31B72C-EB9C-4C7F-B917-CF980E640D3D}"
EndProject
Project("{9A19103F-16F7-4668-BE54-9A1E7A4F7556}") = "Boxing_Unboxing", "Boxing_Unboxing\Boxing_Unboxing.csproj", "{9CC3C8DE-3E74-4BB7-93F6-7AFD33287B1B}"
EndProject
Project("{9A19103F-16F7-4668-BE54-9A1E7A4F7556}") = "Encapsulation", "Encapsulation\Encapsulation.csproj", "{6082749C-DED6-467C-9A4B-4636BCC2D83A}"
EndProject
Project("{9A19103F-16F7-4668-BE54-9A1E7A4F7556}") = "Classes", "Classes\Classes.csproj", "{75A0026E-E046-4F69-85EC-CCC1A2E6976F}"
EndProject
Project("{9A19103F-16F7-4668-BE54-9A1E7A4F7556}") = "Inheritance", "Inheritance\Inheritance.csproj", "{13DC4A83-A223-445E-A1DB-8176834040C0}"
EndProject
Project("{9A19103F-16F7-4668-BE54-9A1E7A4F7556}") = "NullableTypes", "NullableTypes\NullableTypes.csproj", "{CCE40216-0644-4688-8C90-710945719058}"
EndProject
Project("{9A19103F-16F7-4668-BE54-9A1E7A4F7556}") = "Functions", "Functions\Functions.csproj", "{F1A74096-6495-496D-BE55-03EFB37A3EFA}"
EndProject
Project("{9A19103F-16F7-4668-BE54-9A1E7A4F7556}") = "ClassesRelationship", "ClassesRelationship\ClassesRelationship.csproj", "{D462BE44-8DAC-4C9A-A14E-F32715937349}"
EndProject
Project("{9A19103F-16F7-4668-BE54-9A1E7A4F7556}") = "Overloading", "Overloading\Overloading.csproj", "{49B9B3D2-D596-4ED0-96B4-9E2E7FFE9A60}"
EndProject
Project("{9A19103F-16F7-4668-BE54-9A1E7A4F7556}") = "Overriding", "Overriding\Overriding.csproj", "{D5366CCC-0A6F-40C9-B1A0-93740C4658F8}"
EndProject
Project("{9A19103F-16F7-4668-BE54-9A1E7A4F7556}") = "Interface", "Interface\Interface.csproj", "{0B48A7CC-6CD3-450D-987A-1AEBBB3D3651}"
EndProject
Project("{9A19103F-16F7-4668-BE54-9A1E7A4F7556}") = "DeepCopy_ShallowCopy", "DeepCopy_ShallowCopy\DeepCopy_ShallowCopy.csproj", "{A961B0A1-B1FD-47E6-8B92-D974504CE717}"
EndProject
Project("{9A19103F-16F7-4668-BE54-9A1E7A4F7556}") = "ICloneable_Interface", "ICloneable_Interface\ICloneable_Interface.csproj", "{B9A04373-ECF2-4548-A39F-E80677DEB6F0}"
EndProject
Project("{9A19103F-16F7-4668-BE54-9A1E7A4F7556}") = "ICompareable_Interface", "ICompareable_Interface\ICompareable_Interface.csproj", "{23D04C18-EDEE-4675-85C1-A489B0A1951B}"
EndProject
Project("{9A19103F-16F7-4668-BE54-9A1E7A4F7556}") = "Abstraction", "Abstraction\Abstraction.csproj", "{35D12B96-49C1-430C-8F56-5B5ACD0CC2C6}"
EndProject
Project("{9A19103F-16F7-4668-BE54-9A1E7A4F7556}") = "Static", "Static\Static.csproj", "{16546F9D-D5C9-4FED-898C-7D1081C969C6}"
EndProject
Project("{9A19103F-16F7-4668-BE54-9A1E7A4F7556}") = "Sealed", "Sealed\Sealed.csproj", "{1A7007E7-EB07-4CD3-8DEB-884B1F0F16A0}"
EndProject
Project("{9A19103F-16F7-4668-BE54-9A1E7A4F7556}") = "Partial", "Partial\Partial.csproj", "{8C204436-A140-4188-9703-A84CD9706A7D}"
EndProject
Project("{9A19103F-16F7-4668-BE54-9A1E7A4F7556}") = "Generics", "Generics\Generics.csproj", "{826404E3-41EF-498A-A227-8439FB74490F}"
EndProject
Project("{FAE04EC0-301F-11D3-BF4B-00C04F79EFBC}") = "Collections", "Collections\Collections.csproj", "{25D6E33B-B773-4263-AD16-3017D584FC03}"
EndProject
Global
	GlobalSection(SolutionConfigurationPlatforms) = preSolution
		Debug|Any CPU = Debug|Any CPU
		Release|Any CPU = Release|Any CPU
	EndGlobalSection
	GlobalSection(ProjectConfigurationPlatforms) = postSolution
		{8A60A12F-3D67-4E58-9100-9BDF565BE44B}.Debug|Any CPU.ActiveCfg = Debug|Any CPU
		{8A60A12F-3D67-4E58-9100-9BDF565BE44B}.Debug|Any CPU.Build.0 = Debug|Any CPU
		{8A60A12F-3D67-4E58-9100-9BDF565BE44B}.Release|Any CPU.ActiveCfg = Release|Any CPU
		{8A60A12F-3D67-4E58-9100-9BDF565BE44B}.Release|Any CPU.Build.0 = Release|Any CPU
		{8C2169AB-3D67-4551-86C8-3D144DD0495D}.Debug|Any CPU.ActiveCfg = Debug|Any CPU
		{8C2169AB-3D67-4551-86C8-3D144DD0495D}.Debug|Any CPU.Build.0 = Debug|Any CPU
		{8C2169AB-3D67-4551-86C8-3D144DD0495D}.Release|Any CPU.ActiveCfg = Release|Any CPU
		{8C2169AB-3D67-4551-86C8-3D144DD0495D}.Release|Any CPU.Build.0 = Release|Any CPU
		{1F79C202-8F42-41A3-AA81-6DF19371AEAE}.Debug|Any CPU.ActiveCfg = Debug|Any CPU
		{1F79C202-8F42-41A3-AA81-6DF19371AEAE}.Debug|Any CPU.Build.0 = Debug|Any CPU
		{1F79C202-8F42-41A3-AA81-6DF19371AEAE}.Release|Any CPU.ActiveCfg = Release|Any CPU
		{1F79C202-8F42-41A3-AA81-6DF19371AEAE}.Release|Any CPU.Build.0 = Release|Any CPU
		{FC7719DF-EF9C-4F09-8DDB-86994C0CBB5C}.Debug|Any CPU.ActiveCfg = Debug|Any CPU
		{FC7719DF-EF9C-4F09-8DDB-86994C0CBB5C}.Debug|Any CPU.Build.0 = Debug|Any CPU
		{FC7719DF-EF9C-4F09-8DDB-86994C0CBB5C}.Release|Any CPU.ActiveCfg = Release|Any CPU
		{FC7719DF-EF9C-4F09-8DDB-86994C0CBB5C}.Release|Any CPU.Build.0 = Release|Any CPU
		{1F31B72C-EB9C-4C7F-B917-CF980E640D3D}.Debug|Any CPU.ActiveCfg = Debug|Any CPU
		{1F31B72C-EB9C-4C7F-B917-CF980E640D3D}.Debug|Any CPU.Build.0 = Debug|Any CPU
		{1F31B72C-EB9C-4C7F-B917-CF980E640D3D}.Release|Any CPU.ActiveCfg = Release|Any CPU
		{1F31B72C-EB9C-4C7F-B917-CF980E640D3D}.Release|Any CPU.Build.0 = Release|Any CPU
		{9CC3C8DE-3E74-4BB7-93F6-7AFD33287B1B}.Debug|Any CPU.ActiveCfg = Debug|Any CPU
		{9CC3C8DE-3E74-4BB7-93F6-7AFD33287B1B}.Debug|Any CPU.Build.0 = Debug|Any CPU
		{9CC3C8DE-3E74-4BB7-93F6-7AFD33287B1B}.Release|Any CPU.ActiveCfg = Release|Any CPU
		{9CC3C8DE-3E74-4BB7-93F6-7AFD33287B1B}.Release|Any CPU.Build.0 = Release|Any CPU
		{6082749C-DED6-467C-9A4B-4636BCC2D83A}.Debug|Any CPU.ActiveCfg = Debug|Any CPU
		{6082749C-DED6-467C-9A4B-4636BCC2D83A}.Debug|Any CPU.Build.0 = Debug|Any CPU
		{6082749C-DED6-467C-9A4B-4636BCC2D83A}.Release|Any CPU.ActiveCfg = Release|Any CPU
		{6082749C-DED6-467C-9A4B-4636BCC2D83A}.Release|Any CPU.Build.0 = Release|Any CPU
		{75A0026E-E046-4F69-85EC-CCC1A2E6976F}.Debug|Any CPU.ActiveCfg = Debug|Any CPU
		{75A0026E-E046-4F69-85EC-CCC1A2E6976F}.Debug|Any CPU.Build.0 = Debug|Any CPU
		{75A0026E-E046-4F69-85EC-CCC1A2E6976F}.Release|Any CPU.ActiveCfg = Release|Any CPU
		{75A0026E-E046-4F69-85EC-CCC1A2E6976F}.Release|Any CPU.Build.0 = Release|Any CPU
		{13DC4A83-A223-445E-A1DB-8176834040C0}.Debug|Any CPU.ActiveCfg = Debug|Any CPU
		{13DC4A83-A223-445E-A1DB-8176834040C0}.Debug|Any CPU.Build.0 = Debug|Any CPU
		{13DC4A83-A223-445E-A1DB-8176834040C0}.Release|Any CPU.ActiveCfg = Release|Any CPU
		{13DC4A83-A223-445E-A1DB-8176834040C0}.Release|Any CPU.Build.0 = Release|Any CPU
		{CCE40216-0644-4688-8C90-710945719058}.Debug|Any CPU.ActiveCfg = Debug|Any CPU
		{CCE40216-0644-4688-8C90-710945719058}.Debug|Any CPU.Build.0 = Debug|Any CPU
		{CCE40216-0644-4688-8C90-710945719058}.Release|Any CPU.ActiveCfg = Release|Any CPU
		{CCE40216-0644-4688-8C90-710945719058}.Release|Any CPU.Build.0 = Release|Any CPU
		{F1A74096-6495-496D-BE55-03EFB37A3EFA}.Debug|Any CPU.ActiveCfg = Debug|Any CPU
		{F1A74096-6495-496D-BE55-03EFB37A3EFA}.Debug|Any CPU.Build.0 = Debug|Any CPU
		{F1A74096-6495-496D-BE55-03EFB37A3EFA}.Release|Any CPU.ActiveCfg = Release|Any CPU
		{F1A74096-6495-496D-BE55-03EFB37A3EFA}.Release|Any CPU.Build.0 = Release|Any CPU
		{D462BE44-8DAC-4C9A-A14E-F32715937349}.Debug|Any CPU.ActiveCfg = Debug|Any CPU
		{D462BE44-8DAC-4C9A-A14E-F32715937349}.Debug|Any CPU.Build.0 = Debug|Any CPU
		{D462BE44-8DAC-4C9A-A14E-F32715937349}.Release|Any CPU.ActiveCfg = Release|Any CPU
		{D462BE44-8DAC-4C9A-A14E-F32715937349}.Release|Any CPU.Build.0 = Release|Any CPU
		{49B9B3D2-D596-4ED0-96B4-9E2E7FFE9A60}.Debug|Any CPU.ActiveCfg = Debug|Any CPU
		{49B9B3D2-D596-4ED0-96B4-9E2E7FFE9A60}.Debug|Any CPU.Build.0 = Debug|Any CPU
		{49B9B3D2-D596-4ED0-96B4-9E2E7FFE9A60}.Release|Any CPU.ActiveCfg = Release|Any CPU
		{49B9B3D2-D596-4ED0-96B4-9E2E7FFE9A60}.Release|Any CPU.Build.0 = Release|Any CPU
		{D5366CCC-0A6F-40C9-B1A0-93740C4658F8}.Debug|Any CPU.ActiveCfg = Debug|Any CPU
		{D5366CCC-0A6F-40C9-B1A0-93740C4658F8}.Debug|Any CPU.Build.0 = Debug|Any CPU
		{D5366CCC-0A6F-40C9-B1A0-93740C4658F8}.Release|Any CPU.ActiveCfg = Release|Any CPU
		{D5366CCC-0A6F-40C9-B1A0-93740C4658F8}.Release|Any CPU.Build.0 = Release|Any CPU
		{0B48A7CC-6CD3-450D-987A-1AEBBB3D3651}.Debug|Any CPU.ActiveCfg = Debug|Any CPU
		{0B48A7CC-6CD3-450D-987A-1AEBBB3D3651}.Debug|Any CPU.Build.0 = Debug|Any CPU
		{0B48A7CC-6CD3-450D-987A-1AEBBB3D3651}.Release|Any CPU.ActiveCfg = Release|Any CPU
		{0B48A7CC-6CD3-450D-987A-1AEBBB3D3651}.Release|Any CPU.Build.0 = Release|Any CPU
		{A961B0A1-B1FD-47E6-8B92-D974504CE717}.Debug|Any CPU.ActiveCfg = Debug|Any CPU
		{A961B0A1-B1FD-47E6-8B92-D974504CE717}.Debug|Any CPU.Build.0 = Debug|Any CPU
		{A961B0A1-B1FD-47E6-8B92-D974504CE717}.Release|Any CPU.ActiveCfg = Release|Any CPU
		{A961B0A1-B1FD-47E6-8B92-D974504CE717}.Release|Any CPU.Build.0 = Release|Any CPU
		{B9A04373-ECF2-4548-A39F-E80677DEB6F0}.Debug|Any CPU.ActiveCfg = Debug|Any CPU
		{B9A04373-ECF2-4548-A39F-E80677DEB6F0}.Debug|Any CPU.Build.0 = Debug|Any CPU
		{B9A04373-ECF2-4548-A39F-E80677DEB6F0}.Release|Any CPU.ActiveCfg = Release|Any CPU
		{B9A04373-ECF2-4548-A39F-E80677DEB6F0}.Release|Any CPU.Build.0 = Release|Any CPU
		{23D04C18-EDEE-4675-85C1-A489B0A1951B}.Debug|Any CPU.ActiveCfg = Debug|Any CPU
		{23D04C18-EDEE-4675-85C1-A489B0A1951B}.Debug|Any CPU.Build.0 = Debug|Any CPU
		{23D04C18-EDEE-4675-85C1-A489B0A1951B}.Release|Any CPU.ActiveCfg = Release|Any CPU
		{23D04C18-EDEE-4675-85C1-A489B0A1951B}.Release|Any CPU.Build.0 = Release|Any CPU
		{35D12B96-49C1-430C-8F56-5B5ACD0CC2C6}.Debug|Any CPU.ActiveCfg = Debug|Any CPU
		{35D12B96-49C1-430C-8F56-5B5ACD0CC2C6}.Debug|Any CPU.Build.0 = Debug|Any CPU
		{35D12B96-49C1-430C-8F56-5B5ACD0CC2C6}.Release|Any CPU.ActiveCfg = Release|Any CPU
		{35D12B96-49C1-430C-8F56-5B5ACD0CC2C6}.Release|Any CPU.Build.0 = Release|Any CPU
		{16546F9D-D5C9-4FED-898C-7D1081C969C6}.Debug|Any CPU.ActiveCfg = Debug|Any CPU
		{16546F9D-D5C9-4FED-898C-7D1081C969C6}.Debug|Any CPU.Build.0 = Debug|Any CPU
		{16546F9D-D5C9-4FED-898C-7D1081C969C6}.Release|Any CPU.ActiveCfg = Release|Any CPU
		{16546F9D-D5C9-4FED-898C-7D1081C969C6}.Release|Any CPU.Build.0 = Release|Any CPU
		{1A7007E7-EB07-4CD3-8DEB-884B1F0F16A0}.Debug|Any CPU.ActiveCfg = Debug|Any CPU
		{1A7007E7-EB07-4CD3-8DEB-884B1F0F16A0}.Debug|Any CPU.Build.0 = Debug|Any CPU
		{1A7007E7-EB07-4CD3-8DEB-884B1F0F16A0}.Release|Any CPU.ActiveCfg = Release|Any CPU
		{1A7007E7-EB07-4CD3-8DEB-884B1F0F16A0}.Release|Any CPU.Build.0 = Release|Any CPU
		{8C204436-A140-4188-9703-A84CD9706A7D}.Debug|Any CPU.ActiveCfg = Debug|Any CPU
		{8C204436-A140-4188-9703-A84CD9706A7D}.Debug|Any CPU.Build.0 = Debug|Any CPU
		{8C204436-A140-4188-9703-A84CD9706A7D}.Release|Any CPU.ActiveCfg = Release|Any CPU
		{8C204436-A140-4188-9703-A84CD9706A7D}.Release|Any CPU.Build.0 = Release|Any CPU
		{826404E3-41EF-498A-A227-8439FB74490F}.Debug|Any CPU.ActiveCfg = Debug|Any CPU
		{826404E3-41EF-498A-A227-8439FB74490F}.Debug|Any CPU.Build.0 = Debug|Any CPU
		{826404E3-41EF-498A-A227-8439FB74490F}.Release|Any CPU.ActiveCfg = Release|Any CPU
		{826404E3-41EF-498A-A227-8439FB74490F}.Release|Any CPU.Build.0 = Release|Any CPU
		{25D6E33B-B773-4263-AD16-3017D584FC03}.Debug|Any CPU.ActiveCfg = Debug|Any CPU
		{25D6E33B-B773-4263-AD16-3017D584FC03}.Debug|Any CPU.Build.0 = Debug|Any CPU
		{25D6E33B-B773-4263-AD16-3017D584FC03}.Release|Any CPU.ActiveCfg = Release|Any CPU
		{25D6E33B-B773-4263-AD16-3017D584FC03}.Release|Any CPU.Build.0 = Release|Any CPU
	EndGlobalSection
	GlobalSection(SolutionProperties) = preSolution
		HideSolutionNode = FALSE
	EndGlobalSection
	GlobalSection(ExtensibilityGlobals) = postSolution
		SolutionGuid = {FE2068D7-51A2-4312-AC18-EBD1621B1F4E}
	EndGlobalSection
EndGlobal
