
Microsoft Visual Studio Solution File, Format Version 12.00
# Visual Studio Version 17
VisualStudioVersion = 17.10.35013.160
MinimumVisualStudioVersion = 10.0.40219.1
Project("{9A19103F-16F7-4668-BE54-9A1E7A4F7556}") = "Exceptions", "Exceptions\Exceptions.csproj", "{8A60A12F-3D67-4E58-9100-9BDF565BE44B}"
EndProject
Project("{9A19103F-16F7-4668-BE54-9A1E7A4F7556}") = "AccessModifiers", "AccessModifiers\AccessModifiers.csproj", "{8C2169AB-3D67-4551-86C8-3D144DD0495D}"
EndProject
Project("{9A19103F-16F7-4668-BE54-9A1E7A4F7556}") = "TestClassLibrary", "TestClassLibrary\TestClassLibrary.csproj", "{1F79C202-8F42-41A3-AA81-6DF19371AEAE}"
EndProject
Project("{9A19103F-16F7-4668-BE54-9A1E7A4F7556}") = "AboutEnums", "AboutEnums\AboutEnums.csproj", "{FC7719DF-EF9C-4F09-8DDB-86994C0CBB5C}"
EndProject
Project("{9A19103F-16F7-4668-BE54-9A1E7A4F7556}") = "Structs", "Structs\Structs.csproj", "{1F31B72C-EB9C-4C7F-B917-CF980E640D3D}"
EndProject
Project("{9A19103F-16F7-4668-BE54-9A1E7A4F7556}") = "Boxing_Unboxing", "Boxing_Unboxing\Boxing_Unboxing.csproj", "{9CC3C8DE-3E74-4BB7-93F6-7AFD33287B1B}"
EndProject
Project("{FAE04EC0-301F-11D3-BF4B-00C04F79EFBC}") = "Encapsulation", "Encapsulation\Encapsulation.csproj", "{6082749C-DED6-467C-9A4B-4636BCC2D83A}"
EndProject
Global
	GlobalSection(SolutionConfigurationPlatforms) = preSolution
		Debug|Any CPU = Debug|Any CPU
		Release|Any CPU = Release|Any CPU
	EndGlobalSection
	GlobalSection(ProjectConfigurationPlatforms) = postSolution
		{8A60A12F-3D67-4E58-9100-9BDF565BE44B}.Debug|Any CPU.ActiveCfg = Debug|Any CPU
		{8A60A12F-3D67-4E58-9100-9BDF565BE44B}.Debug|Any CPU.Build.0 = Debug|Any CPU
		{8A60A12F-3D67-4E58-9100-9BDF565BE44B}.Release|Any CPU.ActiveCfg = Release|Any CPU
		{8A60A12F-3D67-4E58-9100-9BDF565BE44B}.Release|Any CPU.Build.0 = Release|Any CPU
		{8C2169AB-3D67-4551-86C8-3D144DD0495D}.Debug|Any CPU.ActiveCfg = Debug|Any CPU
		{8C2169AB-3D67-4551-86C8-3D144DD0495D}.Debug|Any CPU.Build.0 = Debug|Any CPU
		{8C2169AB-3D67-4551-86C8-3D144DD0495D}.Release|Any CPU.ActiveCfg = Release|Any CPU
		{8C2169AB-3D67-4551-86C8-3D144DD0495D}.Release|Any CPU.Build.0 = Release|Any CPU
		{1F79C202-8F42-41A3-AA81-6DF19371AEAE}.Debug|Any CPU.ActiveCfg = Debug|Any CPU
		{1F79C202-8F42-41A3-AA81-6DF19371AEAE}.Debug|Any CPU.Build.0 = Debug|Any CPU
		{1F79C202-8F42-41A3-AA81-6DF19371AEAE}.Release|Any CPU.ActiveCfg = Release|Any CPU
		{1F79C202-8F42-41A3-AA81-6DF19371AEAE}.Release|Any CPU.Build.0 = Release|Any CPU
		{FC7719DF-EF9C-4F09-8DDB-86994C0CBB5C}.Debug|Any CPU.ActiveCfg = Debug|Any CPU
		{FC7719DF-EF9C-4F09-8DDB-86994C0CBB5C}.Debug|Any CPU.Build.0 = Debug|Any CPU
		{FC7719DF-EF9C-4F09-8DDB-86994C0CBB5C}.Release|Any CPU.ActiveCfg = Release|Any CPU
		{FC7719DF-EF9C-4F09-8DDB-86994C0CBB5C}.Release|Any CPU.Build.0 = Release|Any CPU
		{1F31B72C-EB9C-4C7F-B917-CF980E640D3D}.Debug|Any CPU.ActiveCfg = Debug|Any CPU
		{1F31B72C-EB9C-4C7F-B917-CF980E640D3D}.Debug|Any CPU.Build.0 = Debug|Any CPU
		{1F31B72C-EB9C-4C7F-B917-CF980E640D3D}.Release|Any CPU.ActiveCfg = Release|Any CPU
		{1F31B72C-EB9C-4C7F-B917-CF980E640D3D}.Release|Any CPU.Build.0 = Release|Any CPU
		{9CC3C8DE-3E74-4BB7-93F6-7AFD33287B1B}.Debug|Any CPU.ActiveCfg = Debug|Any CPU
		{9CC3C8DE-3E74-4BB7-93F6-7AFD33287B1B}.Debug|Any CPU.Build.0 = Debug|Any CPU
		{9CC3C8DE-3E74-4BB7-93F6-7AFD33287B1B}.Release|Any CPU.ActiveCfg = Release|Any CPU
		{9CC3C8DE-3E74-4BB7-93F6-7AFD33287B1B}.Release|Any CPU.Build.0 = Release|Any CPU
		{6082749C-DED6-467C-9A4B-4636BCC2D83A}.Debug|Any CPU.ActiveCfg = Debug|Any CPU
		{6082749C-DED6-467C-9A4B-4636BCC2D83A}.Debug|Any CPU.Build.0 = Debug|Any CPU
		{6082749C-DED6-467C-9A4B-4636BCC2D83A}.Release|Any CPU.ActiveCfg = Release|Any CPU
		{6082749C-DED6-467C-9A4B-4636BCC2D83A}.Release|Any CPU.Build.0 = Release|Any CPU
	EndGlobalSection
	GlobalSection(SolutionProperties) = preSolution
		HideSolutionNode = FALSE
	EndGlobalSection
	GlobalSection(ExtensibilityGlobals) = postSolution
		SolutionGuid = {FE2068D7-51A2-4312-AC18-EBD1621B1F4E}
	EndGlobalSection
EndGlobal
